
Microsoft Visual Studio Solution File, Format Version 12.00
# Visual Studio 2017
Project("{FAE04EC0-301F-11D3-BF4B-00C04F79EFBC}") = "FileUpload", "FileUpload.csproj", "{65981595-E883-400E-900D-BE299F84C00F}"
EndProject
Global
	GlobalSection(SolutionConfigurationPlatforms) = preSolution
		Debug|Any CPU = Debug|Any CPU
		Release|Any CPU = Release|Any CPU
	EndGlobalSection
	GlobalSection(ProjectConfigurationPlatforms) = postSolution
		{65981595-E883-400E-900D-BE299F84C00F}.Debug|Any CPU.ActiveCfg = Debug|Any CPU
		{65981595-E883-400E-900D-BE299F84C00F}.Debug|Any CPU.Build.0 = Debug|Any CPU
		{65981595-E883-400E-900D-BE299F84C00F}.Release|Any CPU.ActiveCfg = Release|Any CPU
		{65981595-E883-400E-900D-BE299F84C00F}.Release|Any CPU.Build.0 = Release|Any CPU
	EndGlobalSection
EndGlobal
